
Microsoft Visual Studio Solution File, Format Version 12.00
# Visual Studio Version 17
VisualStudioVersion = 17.10.35122.118
MinimumVisualStudioVersion = 10.0.40219.1
Project("{FAE04EC0-301F-11D3-BF4B-00C04F79EFBC}") = "Proyecto 6", "Proyecto 6\Proyecto 6.csproj", "{035BB897-03F3-4C94-93AC-C3971EC7AE8B}"
EndProject
Global
	GlobalSection(SolutionConfigurationPlatforms) = preSolution
		Debug|Any CPU = Debug|Any CPU
		Release|Any CPU = Release|Any CPU
	EndGlobalSection
	GlobalSection(ProjectConfigurationPlatforms) = postSolution
		{035BB897-03F3-4C94-93AC-C3971EC7AE8B}.Debug|Any CPU.ActiveCfg = Debug|Any CPU
		{035BB897-03F3-4C94-93AC-C3971EC7AE8B}.Debug|Any CPU.Build.0 = Debug|Any CPU
		{035BB897-03F3-4C94-93AC-C3971EC7AE8B}.Release|Any CPU.ActiveCfg = Release|Any CPU
		{035BB897-03F3-4C94-93AC-C3971EC7AE8B}.Release|Any CPU.Build.0 = Release|Any CPU
	EndGlobalSection
	GlobalSection(SolutionProperties) = preSolution
		HideSolutionNode = FALSE
	EndGlobalSection
	GlobalSection(ExtensibilityGlobals) = postSolution
		SolutionGuid = {D5E24F82-CE87-4B62-9DBB-A4E7F3FA96F5}
	EndGlobalSection
EndGlobal
